
Microsoft Visual Studio Solution File, Format Version 12.00
# Visual Studio Version 16
VisualStudioVersion = 16.0.32002.261
MinimumVisualStudioVersion = 10.0.40219.1
Project("{FAE04EC0-301F-11D3-BF4B-00C04F79EFBC}") = "youtubedownloader", "youtubedownloader.csproj", "{C9CCD922-206B-4108-ACDD-38AE49E53A19}"
EndProject
Project("{54435603-DBB4-11D2-8724-00A0C9A8B90C}") = "YoutubeDownload", "..\YoutubeDownload\YoutubeDownload.vdproj", "{202502FC-8B88-4C5E-A04C-A92CA5386405}"
EndProject
Global
	GlobalSection(SolutionConfigurationPlatforms) = preSolution
		Debug|Any CPU = Debug|Any CPU
		Release|Any CPU = Release|Any CPU
	EndGlobalSection
	GlobalSection(ProjectConfigurationPlatforms) = postSolution
		{C9CCD922-206B-4108-ACDD-38AE49E53A19}.Debug|Any CPU.ActiveCfg = Debug|Any CPU
		{C9CCD922-206B-4108-ACDD-38AE49E53A19}.Debug|Any CPU.Build.0 = Debug|Any CPU
		{C9CCD922-206B-4108-ACDD-38AE49E53A19}.Release|Any CPU.ActiveCfg = Release|Any CPU
		{C9CCD922-206B-4108-ACDD-38AE49E53A19}.Release|Any CPU.Build.0 = Release|Any CPU
		{202502FC-8B88-4C5E-A04C-A92CA5386405}.Debug|Any CPU.ActiveCfg = Debug
		{202502FC-8B88-4C5E-A04C-A92CA5386405}.Release|Any CPU.ActiveCfg = Release
	EndGlobalSection
	GlobalSection(SolutionProperties) = preSolution
		HideSolutionNode = FALSE
	EndGlobalSection
	GlobalSection(ExtensibilityGlobals) = postSolution
		SolutionGuid = {FAF18D86-5791-480A-883B-4F897FE4771A}
	EndGlobalSection
EndGlobal
